{
  "version": 4,
  "terraform_version": "1.0.9",
  "serial": 77,
  "lineage": "22064603-ff1c-7e6d-5e9e-4bb7d9794d13",
  "outputs": {},
  "resources": [
    {
      "mode": "managed",
      "type": "google_compute_instance",
      "name": "default",
      "provider": "provider[\"registry.terraform.io/hashicorp/google\"]",
      "instances": [
        {
          "schema_version": 6,
          "attributes": {
            "advanced_machine_features": [],
            "allow_stopping_for_update": null,
            "attached_disk": [],
            "boot_disk": [
              {
                "auto_delete": true,
                "device_name": "persistent-disk-0",
                "disk_encryption_key_raw": "",
                "disk_encryption_key_sha256": "",
                "initialize_params": [
                  {
                    "image": "https://www.googleapis.com/compute/v1/projects/debian-cloud/global/images/debian-10-buster-v20210916",
                    "labels": {},
                    "size": 10,
                    "type": "pd-standard"
                  }
                ],
                "kms_key_self_link": "",
                "mode": "READ_WRITE",
                "source": "https://www.googleapis.com/compute/v1/projects/active-dahlia-323510/zones/us-west1-a/disks/soumyavm"
              }
            ],
            "can_ip_forward": false,
            "confidential_instance_config": [],
            "cpu_platform": "Intel Broadwell",
            "current_status": "RUNNING",
            "deletion_protection": false,
            "description": "",
            "desired_status": null,
            "enable_display": false,
            "guest_accelerator": [],
            "hostname": "",
            "id": "projects/active-dahlia-323510/zones/us-west1-a/instances/soumyavm",
            "instance_id": "4504992303798443808",
            "label_fingerprint": "42WmSpB8rSM=",
            "labels": null,
            "machine_type": "e2-micro",
            "metadata": null,
            "metadata_fingerprint": "yLZtx7QEgBM=",
            "metadata_startup_script": "",
            "min_cpu_platform": "",
            "name": "soumyavm",
            "network_interface": [
              {
                "access_config": [
                  {
                    "nat_ip": "34.127.119.254",
                    "network_tier": "PREMIUM",
                    "public_ptr_domain_name": ""
                  }
                ],
                "alias_ip_range": [],
                "name": "nic0",
                "network": "https://www.googleapis.com/compute/v1/projects/active-dahlia-323510/global/networks/default",
                "network_ip": "10.138.0.10",
                "nic_type": "",
                "subnetwork": "https://www.googleapis.com/compute/v1/projects/active-dahlia-323510/regions/us-west1/subnetworks/default",
                "subnetwork_project": "active-dahlia-323510"
              }
            ],
            "project": "active-dahlia-323510",
            "reservation_affinity": [],
            "resource_policies": null,
            "scheduling": [
              {
                "automatic_restart": true,
                "min_node_cpus": 0,
                "node_affinities": [],
                "on_host_maintenance": "MIGRATE",
                "preemptible": false
              }
            ],
            "scratch_disk": [],
            "self_link": "https://www.googleapis.com/compute/v1/projects/active-dahlia-323510/zones/us-west1-a/instances/soumyavm",
            "service_account": [],
            "shielded_instance_config": [
              {
                "enable_integrity_monitoring": true,
                "enable_secure_boot": false,
                "enable_vtpm": true
              }
            ],
            "tags": null,
            "tags_fingerprint": "42WmSpB8rSM=",
            "timeouts": null,
            "zone": "us-west1-a"
          },
          "sensitive_attributes": [],
          "private": "eyJlMmJmYjczMC1lY2FhLTExZTYtOGY4OC0zNDM2M2JjN2M0YzAiOnsiY3JlYXRlIjoxMjAwMDAwMDAwMDAwLCJkZWxldGUiOjEyMDAwMDAwMDAwMDAsInVwZGF0ZSI6MTIwMDAwMDAwMDAwMH0sInNjaGVtYV92ZXJzaW9uIjoiNiJ9"
        }
      ]
    },
    {
      "mode": "managed",
      "type": "google_compute_network",
      "name": "vpc_network",
      "provider": "provider[\"registry.terraform.io/hashicorp/google\"]",
      "instances": [
        {
          "schema_version": 0,
          "attributes": {
            "auto_create_subnetworks": true,
            "delete_default_routes_on_create": false,
            "description": "",
            "gateway_ipv4": "",
            "id": "projects/active-dahlia-323510/global/networks/vpc-network",
            "mtu": 1460,
            "name": "vpc-network",
            "project": "active-dahlia-323510",
            "routing_mode": "REGIONAL",
            "self_link": "https://www.googleapis.com/compute/v1/projects/active-dahlia-323510/global/networks/vpc-network",
            "timeouts": null
          },
          "sensitive_attributes": [],
          "private": "eyJlMmJmYjczMC1lY2FhLTExZTYtOGY4OC0zNDM2M2JjN2M0YzAiOnsiY3JlYXRlIjoyNDAwMDAwMDAwMDAsImRlbGV0ZSI6MjQwMDAwMDAwMDAwLCJ1cGRhdGUiOjI0MDAwMDAwMDAwMH19"
        }
      ]
    },
    {
      "mode": "managed",
      "type": "google_compute_router",
      "name": "cr-uscentral1-to-prod-vpc",
      "provider": "provider[\"registry.terraform.io/hashicorp/google\"]",
      "instances": [
        {
          "schema_version": 0,
          "attributes": {
            "bgp": [
              {
                "advertise_mode": "DEFAULT",
                "advertised_groups": null,
                "advertised_ip_ranges": [],
                "asn": 64519
              }
            ],
            "creation_timestamp": "2021-10-17T01:41:48.812-07:00",
            "description": "",
            "id": "projects/active-dahlia-323510/regions/us-central1/routers/cr-uscentral1-to-prod-vpc-tunnels",
            "name": "cr-uscentral1-to-prod-vpc-tunnels",
            "network": "https://www.googleapis.com/compute/v1/projects/active-dahlia-323510/global/networks/default",
            "project": "active-dahlia-323510",
            "region": "us-central1",
            "self_link": "https://www.googleapis.com/compute/v1/projects/active-dahlia-323510/regions/us-central1/routers/cr-uscentral1-to-prod-vpc-tunnels",
            "timeouts": null
          },
          "sensitive_attributes": [],
          "private": "eyJlMmJmYjczMC1lY2FhLTExZTYtOGY4OC0zNDM2M2JjN2M0YzAiOnsiY3JlYXRlIjoyNDAwMDAwMDAwMDAsImRlbGV0ZSI6MjQwMDAwMDAwMDAwLCJ1cGRhdGUiOjI0MDAwMDAwMDAwMH19"
        }
      ]
    },
    {
      "module": "module.vpn-manage-internal",
      "mode": "managed",
      "type": "google_compute_address",
      "name": "vpn_gw_ip",
      "provider": "provider[\"registry.terraform.io/hashicorp/google\"]",
      "instances": [
        {
          "schema_version": 0,
          "attributes": {
            "address": "34.105.9.13",
            "address_type": "EXTERNAL",
            "creation_timestamp": "2021-10-17T01:41:49.562-07:00",
            "description": "",
            "id": "projects/active-dahlia-323510/regions/us-west1/addresses/ip-vpn-manage-internal",
            "name": "ip-vpn-manage-internal",
            "network": "",
            "network_tier": "PREMIUM",
            "prefix_length": 0,
            "project": "active-dahlia-323510",
            "purpose": "",
            "region": "us-west1",
            "self_link": "https://www.googleapis.com/compute/v1/projects/active-dahlia-323510/regions/us-west1/addresses/ip-vpn-manage-internal",
            "subnetwork": "",
            "timeouts": null,
            "users": []
          },
          "sensitive_attributes": [],
          "private": "eyJlMmJmYjczMC1lY2FhLTExZTYtOGY4OC0zNDM2M2JjN2M0YzAiOnsiY3JlYXRlIjoyNDAwMDAwMDAwMDAsImRlbGV0ZSI6MjQwMDAwMDAwMDAwfX0="
        }
      ]
    },
    {
      "module": "module.vpn-manage-internal",
      "mode": "managed",
      "type": "google_compute_forwarding_rule",
      "name": "vpn_esp",
      "provider": "provider[\"registry.terraform.io/hashicorp/google\"]",
      "instances": [
        {
          "schema_version": 0,
          "attributes": {
            "all_ports": false,
            "allow_global_access": false,
            "backend_service": "",
            "creation_timestamp": "2021-10-17T01:42:03.563-07:00",
            "description": "",
            "id": "projects/active-dahlia-323510/regions/us-west1/forwardingRules/vpn-manage-internal-esp",
            "ip_address": "34.105.9.13",
            "ip_protocol": "ESP",
            "is_mirroring_collector": false,
            "load_balancing_scheme": "EXTERNAL",
            "name": "vpn-manage-internal-esp",
            "network": "",
            "network_tier": "PREMIUM",
            "port_range": "",
            "ports": null,
            "project": "active-dahlia-323510",
            "region": "us-west1",
            "self_link": "https://www.googleapis.com/compute/v1/projects/active-dahlia-323510/regions/us-west1/forwardingRules/vpn-manage-internal-esp",
            "service_label": "",
            "service_name": "",
            "subnetwork": "",
            "target": "https://www.googleapis.com/compute/v1/projects/active-dahlia-323510/regions/us-west1/targetVpnGateways/vpn-manage-internal",
            "timeouts": null
          },
          "sensitive_attributes": [],
          "private": "eyJlMmJmYjczMC1lY2FhLTExZTYtOGY4OC0zNDM2M2JjN2M0YzAiOnsiY3JlYXRlIjoyNDAwMDAwMDAwMDAsImRlbGV0ZSI6MjQwMDAwMDAwMDAwLCJ1cGRhdGUiOjI0MDAwMDAwMDAwMH19",
          "dependencies": [
            "module.vpn-manage-internal.google_compute_address.vpn_gw_ip",
            "module.vpn-manage-internal.google_compute_vpn_gateway.vpn_gateway"
          ]
        }
      ]
    },
    {
      "module": "module.vpn-manage-internal",
      "mode": "managed",
      "type": "google_compute_route",
      "name": "route",
      "provider": "provider[\"registry.terraform.io/hashicorp/google\"]",
      "instances": []
    },
    {
      "module": "module.vpn-manage-internal",
      "mode": "managed",
      "type": "google_compute_vpn_gateway",
      "name": "vpn_gateway",
      "provider": "provider[\"registry.terraform.io/hashicorp/google\"]",
      "instances": [
        {
          "schema_version": 0,
          "attributes": {
            "creation_timestamp": "2021-10-17T01:41:50.497-07:00",
            "description": "",
            "gateway_id": 1183711999520300833,
            "id": "projects/active-dahlia-323510/regions/us-west1/targetVpnGateways/vpn-manage-internal",
            "name": "vpn-manage-internal",
            "network": "https://www.googleapis.com/compute/v1/projects/active-dahlia-323510/global/networks/default",
            "project": "active-dahlia-323510",
            "region": "us-west1",
            "self_link": "https://www.googleapis.com/compute/v1/projects/active-dahlia-323510/regions/us-west1/targetVpnGateways/vpn-manage-internal",
            "timeouts": null
          },
          "sensitive_attributes": [],
          "private": "eyJlMmJmYjczMC1lY2FhLTExZTYtOGY4OC0zNDM2M2JjN2M0YzAiOnsiY3JlYXRlIjoyNDAwMDAwMDAwMDAsImRlbGV0ZSI6MjQwMDAwMDAwMDAwfX0="
        }
      ]
    },
    {
      "module": "module.vpn-manage-internal",
      "mode": "managed",
      "type": "google_compute_vpn_tunnel",
      "name": "tunnel-static",
      "provider": "provider[\"registry.terraform.io/hashicorp/google\"]",
      "instances": []
    },
    {
      "module": "module.vpn-manage-internal",
      "mode": "managed",
      "type": "random_id",
      "name": "ipsec_secret",
      "provider": "provider[\"registry.terraform.io/hashicorp/random\"]",
      "instances": [
        {
          "schema_version": 0,
          "attributes": {
            "b64_std": "VUclgBXvwi4=",
            "b64_url": "VUclgBXvwi4",
            "byte_length": 8,
            "dec": "6144921448624407086",
            "hex": "5547258015efc22e",
            "id": "VUclgBXvwi4",
            "keepers": null,
            "prefix": null
          },
          "sensitive_attributes": [],
          "private": "bnVsbA=="
        }
      ]
    },
    {
      "module": "module.vpn-prod-internal",
      "mode": "managed",
      "type": "google_compute_address",
      "name": "vpn_gw_ip",
      "provider": "provider[\"registry.terraform.io/hashicorp/google\"]",
      "instances": [
        {
          "schema_version": 0,
          "attributes": {
            "address": "35.233.178.242",
            "address_type": "EXTERNAL",
            "creation_timestamp": "2021-10-17T01:41:49.318-07:00",
            "description": "",
            "id": "projects/active-dahlia-323510/regions/us-west1/addresses/ip-vpn-prod-internal",
            "name": "ip-vpn-prod-internal",
            "network": "",
            "network_tier": "PREMIUM",
            "prefix_length": 0,
            "project": "active-dahlia-323510",
            "purpose": "",
            "region": "us-west1",
            "self_link": "https://www.googleapis.com/compute/v1/projects/active-dahlia-323510/regions/us-west1/addresses/ip-vpn-prod-internal",
            "subnetwork": "",
            "timeouts": null,
            "users": []
          },
          "sensitive_attributes": [],
          "private": "eyJlMmJmYjczMC1lY2FhLTExZTYtOGY4OC0zNDM2M2JjN2M0YzAiOnsiY3JlYXRlIjoyNDAwMDAwMDAwMDAsImRlbGV0ZSI6MjQwMDAwMDAwMDAwfX0="
        }
      ]
    },
    {
      "module": "module.vpn-prod-internal",
      "mode": "managed",
      "type": "google_compute_forwarding_rule",
      "name": "vpn_esp",
      "provider": "provider[\"registry.terraform.io/hashicorp/google\"]",
      "instances": [
        {
          "schema_version": 0,
          "attributes": {
            "all_ports": false,
            "allow_global_access": false,
            "backend_service": "",
            "creation_timestamp": "2021-10-17T01:42:03.002-07:00",
            "description": "",
            "id": "projects/active-dahlia-323510/regions/us-west1/forwardingRules/vpn-prod-internal-esp",
            "ip_address": "35.233.178.242",
            "ip_protocol": "ESP",
            "is_mirroring_collector": false,
            "load_balancing_scheme": "EXTERNAL",
            "name": "vpn-prod-internal-esp",
            "network": "",
            "network_tier": "PREMIUM",
            "port_range": "",
            "ports": null,
            "project": "active-dahlia-323510",
            "region": "us-west1",
            "self_link": "https://www.googleapis.com/compute/v1/projects/active-dahlia-323510/regions/us-west1/forwardingRules/vpn-prod-internal-esp",
            "service_label": "",
            "service_name": "",
            "subnetwork": "",
            "target": "https://www.googleapis.com/compute/v1/projects/active-dahlia-323510/regions/us-west1/targetVpnGateways/vpn-prod-internal",
            "timeouts": null
          },
          "sensitive_attributes": [],
          "private": "eyJlMmJmYjczMC1lY2FhLTExZTYtOGY4OC0zNDM2M2JjN2M0YzAiOnsiY3JlYXRlIjoyNDAwMDAwMDAwMDAsImRlbGV0ZSI6MjQwMDAwMDAwMDAwLCJ1cGRhdGUiOjI0MDAwMDAwMDAwMH19",
          "dependencies": [
            "module.vpn-prod-internal.google_compute_address.vpn_gw_ip",
            "module.vpn-prod-internal.google_compute_vpn_gateway.vpn_gateway"
          ]
        }
      ]
    },
    {
      "module": "module.vpn-prod-internal",
      "mode": "managed",
      "type": "google_compute_forwarding_rule",
      "name": "vpn_udp4500",
      "provider": "provider[\"registry.terraform.io/hashicorp/google\"]",
      "instances": [
        {
          "schema_version": 0,
          "attributes": {
            "all_ports": false,
            "allow_global_access": false,
            "backend_service": "",
            "creation_timestamp": "2021-10-17T01:42:03.525-07:00",
            "description": "",
            "id": "projects/active-dahlia-323510/regions/us-west1/forwardingRules/vpn-prod-internal-udp4500",
            "ip_address": "35.233.178.242",
            "ip_protocol": "UDP",
            "is_mirroring_collector": false,
            "load_balancing_scheme": "EXTERNAL",
            "name": "vpn-prod-internal-udp4500",
            "network": "",
            "network_tier": "PREMIUM",
            "port_range": "4500-4500",
            "ports": null,
            "project": "active-dahlia-323510",
            "region": "us-west1",
            "self_link": "https://www.googleapis.com/compute/v1/projects/active-dahlia-323510/regions/us-west1/forwardingRules/vpn-prod-internal-udp4500",
            "service_label": "",
            "service_name": "",
            "subnetwork": "",
            "target": "https://www.googleapis.com/compute/v1/projects/active-dahlia-323510/regions/us-west1/targetVpnGateways/vpn-prod-internal",
            "timeouts": null
          },
          "sensitive_attributes": [],
          "private": "eyJlMmJmYjczMC1lY2FhLTExZTYtOGY4OC0zNDM2M2JjN2M0YzAiOnsiY3JlYXRlIjoyNDAwMDAwMDAwMDAsImRlbGV0ZSI6MjQwMDAwMDAwMDAwLCJ1cGRhdGUiOjI0MDAwMDAwMDAwMH19",
          "dependencies": [
            "module.vpn-prod-internal.google_compute_address.vpn_gw_ip",
            "module.vpn-prod-internal.google_compute_vpn_gateway.vpn_gateway"
          ]
        }
      ]
    },
    {
      "module": "module.vpn-prod-internal",
      "mode": "managed",
      "type": "google_compute_forwarding_rule",
      "name": "vpn_udp500",
      "provider": "provider[\"registry.terraform.io/hashicorp/google\"]",
      "instances": [
        {
          "schema_version": 0,
          "attributes": {
            "all_ports": false,
            "allow_global_access": false,
            "backend_service": "",
            "creation_timestamp": "2021-10-17T01:42:04.635-07:00",
            "description": "",
            "id": "projects/active-dahlia-323510/regions/us-west1/forwardingRules/vpn-prod-internal-udp500",
            "ip_address": "35.233.178.242",
            "ip_protocol": "UDP",
            "is_mirroring_collector": false,
            "load_balancing_scheme": "EXTERNAL",
            "name": "vpn-prod-internal-udp500",
            "network": "",
            "network_tier": "PREMIUM",
            "port_range": "500-500",
            "ports": null,
            "project": "active-dahlia-323510",
            "region": "us-west1",
            "self_link": "https://www.googleapis.com/compute/v1/projects/active-dahlia-323510/regions/us-west1/forwardingRules/vpn-prod-internal-udp500",
            "service_label": "",
            "service_name": "",
            "subnetwork": "",
            "target": "https://www.googleapis.com/compute/v1/projects/active-dahlia-323510/regions/us-west1/targetVpnGateways/vpn-prod-internal",
            "timeouts": null
          },
          "sensitive_attributes": [],
          "private": "eyJlMmJmYjczMC1lY2FhLTExZTYtOGY4OC0zNDM2M2JjN2M0YzAiOnsiY3JlYXRlIjoyNDAwMDAwMDAwMDAsImRlbGV0ZSI6MjQwMDAwMDAwMDAwLCJ1cGRhdGUiOjI0MDAwMDAwMDAwMH19",
          "dependencies": [
            "module.vpn-prod-internal.google_compute_address.vpn_gw_ip",
            "module.vpn-prod-internal.google_compute_vpn_gateway.vpn_gateway"
          ]
        }
      ]
    },
    {
      "module": "module.vpn-prod-internal",
      "mode": "managed",
      "type": "google_compute_route",
      "name": "route",
      "provider": "provider[\"registry.terraform.io/hashicorp/google\"]",
      "instances": [
        {
          "index_key": 0,
          "schema_version": 0,
          "attributes": {
            "description": "",
            "dest_range": "10.17.0.0/22",
            "id": "projects/active-dahlia-323510/global/routes/vpn-prod-internal-tunnel1-route1",
            "name": "vpn-prod-internal-tunnel1-route1",
            "network": "https://www.googleapis.com/compute/v1/projects/active-dahlia-323510/global/networks/default",
            "next_hop_gateway": "",
            "next_hop_ilb": "",
            "next_hop_instance": "",
            "next_hop_instance_zone": null,
            "next_hop_ip": "",
            "next_hop_network": "",
            "next_hop_vpn_tunnel": "https://www.googleapis.com/compute/v1/projects/active-dahlia-323510/regions/us-west1/vpnTunnels/vpn-tn-prod-internal-1",
            "priority": 1000,
            "project": "active-dahlia-323510",
            "self_link": "https://www.googleapis.com/compute/v1/projects/active-dahlia-323510/global/routes/vpn-prod-internal-tunnel1-route1",
            "tags": null,
            "timeouts": null
          },
          "sensitive_attributes": [],
          "private": "eyJlMmJmYjczMC1lY2FhLTExZTYtOGY4OC0zNDM2M2JjN2M0YzAiOnsiY3JlYXRlIjoyNDAwMDAwMDAwMDAsImRlbGV0ZSI6MjQwMDAwMDAwMDAwfX0=",
          "dependencies": [
            "module.vpn-prod-internal.google_compute_address.vpn_gw_ip",
            "module.vpn-prod-internal.google_compute_forwarding_rule.vpn_esp",
            "module.vpn-prod-internal.google_compute_forwarding_rule.vpn_udp4500",
            "module.vpn-prod-internal.google_compute_forwarding_rule.vpn_udp500",
            "module.vpn-prod-internal.google_compute_vpn_gateway.vpn_gateway",
            "module.vpn-prod-internal.google_compute_vpn_tunnel.tunnel-static",
            "module.vpn-prod-internal.random_id.ipsec_secret"
          ]
        },
        {
          "index_key": 1,
          "schema_version": 0,
          "attributes": {
            "description": "",
            "dest_range": "10.16.80.0/24",
            "id": "projects/active-dahlia-323510/global/routes/vpn-prod-internal-tunnel1-route2",
            "name": "vpn-prod-internal-tunnel1-route2",
            "network": "https://www.googleapis.com/compute/v1/projects/active-dahlia-323510/global/networks/default",
            "next_hop_gateway": "",
            "next_hop_ilb": "",
            "next_hop_instance": "",
            "next_hop_instance_zone": null,
            "next_hop_ip": "",
            "next_hop_network": "",
            "next_hop_vpn_tunnel": "https://www.googleapis.com/compute/v1/projects/active-dahlia-323510/regions/us-west1/vpnTunnels/vpn-tn-prod-internal-1",
            "priority": 1000,
            "project": "active-dahlia-323510",
            "self_link": "https://www.googleapis.com/compute/v1/projects/active-dahlia-323510/global/routes/vpn-prod-internal-tunnel1-route2",
            "tags": null,
            "timeouts": null
          },
          "sensitive_attributes": [],
          "private": "eyJlMmJmYjczMC1lY2FhLTExZTYtOGY4OC0zNDM2M2JjN2M0YzAiOnsiY3JlYXRlIjoyNDAwMDAwMDAwMDAsImRlbGV0ZSI6MjQwMDAwMDAwMDAwfX0=",
          "dependencies": [
            "module.vpn-prod-internal.google_compute_address.vpn_gw_ip",
            "module.vpn-prod-internal.google_compute_forwarding_rule.vpn_esp",
            "module.vpn-prod-internal.google_compute_forwarding_rule.vpn_udp4500",
            "module.vpn-prod-internal.google_compute_forwarding_rule.vpn_udp500",
            "module.vpn-prod-internal.google_compute_vpn_gateway.vpn_gateway",
            "module.vpn-prod-internal.google_compute_vpn_tunnel.tunnel-static",
            "module.vpn-prod-internal.random_id.ipsec_secret"
          ]
        }
      ]
    },
    {
      "module": "module.vpn-prod-internal",
      "mode": "managed",
      "type": "google_compute_vpn_gateway",
      "name": "vpn_gateway",
      "provider": "provider[\"registry.terraform.io/hashicorp/google\"]",
      "instances": [
        {
          "schema_version": 0,
          "attributes": {
            "creation_timestamp": "2021-10-17T01:41:49.302-07:00",
            "description": "",
            "gateway_id": 8779304419172179746,
            "id": "projects/active-dahlia-323510/regions/us-west1/targetVpnGateways/vpn-prod-internal",
            "name": "vpn-prod-internal",
            "network": "https://www.googleapis.com/compute/v1/projects/active-dahlia-323510/global/networks/default",
            "project": "active-dahlia-323510",
            "region": "us-west1",
            "self_link": "https://www.googleapis.com/compute/v1/projects/active-dahlia-323510/regions/us-west1/targetVpnGateways/vpn-prod-internal",
            "timeouts": null
          },
          "sensitive_attributes": [],
          "private": "eyJlMmJmYjczMC1lY2FhLTExZTYtOGY4OC0zNDM2M2JjN2M0YzAiOnsiY3JlYXRlIjoyNDAwMDAwMDAwMDAsImRlbGV0ZSI6MjQwMDAwMDAwMDAwfX0="
        }
      ]
    },
    {
      "module": "module.vpn-prod-internal",
      "mode": "managed",
      "type": "google_compute_vpn_tunnel",
      "name": "tunnel-static",
      "provider": "provider[\"registry.terraform.io/hashicorp/google\"]",
      "instances": [
        {
          "index_key": 0,
          "schema_version": 0,
          "attributes": {
            "creation_timestamp": "2021-10-17T01:42:19.344-07:00",
            "description": "",
            "detailed_status": "Allocating resources. VPN tunnel will start soon.",
            "id": "projects/active-dahlia-323510/regions/us-west1/vpnTunnels/vpn-tn-prod-internal-1",
            "ike_version": 2,
            "local_traffic_selector": [
              "0.0.0.0/0"
            ],
            "name": "vpn-tn-prod-internal-1",
            "peer_external_gateway": "",
            "peer_external_gateway_interface": 0,
            "peer_gcp_gateway": "",
            "peer_ip": "1.1.1.1",
            "project": "active-dahlia-323510",
            "region": "us-west1",
            "remote_traffic_selector": [
              "0.0.0.0/0"
            ],
            "router": "",
            "self_link": "https://www.googleapis.com/compute/v1/projects/active-dahlia-323510/regions/us-west1/vpnTunnels/vpn-tn-prod-internal-1",
            "shared_secret": "secrets",
            "shared_secret_hash": "AD9PoxfJFTy-mnmAxD-CHcVbCzom",
            "target_vpn_gateway": "https://www.googleapis.com/compute/v1/projects/active-dahlia-323510/regions/us-west1/targetVpnGateways/vpn-prod-internal",
            "timeouts": null,
            "tunnel_id": "7841788619815018244",
            "vpn_gateway": "",
            "vpn_gateway_interface": 0
          },
          "sensitive_attributes": [],
          "private": "eyJlMmJmYjczMC1lY2FhLTExZTYtOGY4OC0zNDM2M2JjN2M0YzAiOnsiY3JlYXRlIjoyNDAwMDAwMDAwMDAsImRlbGV0ZSI6MjQwMDAwMDAwMDAwfX0=",
          "dependencies": [
            "module.vpn-prod-internal.google_compute_address.vpn_gw_ip",
            "module.vpn-prod-internal.google_compute_forwarding_rule.vpn_esp",
            "module.vpn-prod-internal.google_compute_forwarding_rule.vpn_udp4500",
            "module.vpn-prod-internal.google_compute_forwarding_rule.vpn_udp500",
            "module.vpn-prod-internal.google_compute_vpn_gateway.vpn_gateway",
            "module.vpn-prod-internal.random_id.ipsec_secret"
          ]
        }
      ]
    },
    {
      "module": "module.vpn-prod-internal",
      "mode": "managed",
      "type": "random_id",
      "name": "ipsec_secret",
      "provider": "provider[\"registry.terraform.io/hashicorp/random\"]",
      "instances": [
        {
          "schema_version": 0,
          "attributes": {
            "b64_std": "sYB1XsBycOU=",
            "b64_url": "sYB1XsBycOU",
            "byte_length": 8,
            "dec": "12790351991548309733",
            "hex": "b180755ec07270e5",
            "id": "sYB1XsBycOU",
            "keepers": null,
            "prefix": null
          },
          "sensitive_attributes": [],
          "private": "bnVsbA=="
        }
      ]
    }
  ]
}
